// !$*UTF8*$!
{
	archiveVersion = 1;
	classes = {
	};
	objectVersion = 46;
	objects = {

/* Begin PBXBuildFile section */
		2E0C287C1AA9BD090041E5E6 /* main.m in Sources */ = {isa = PBXBuildFile; fileRef = 2E0C287B1AA9BD090041E5E6 /* main.m */; };
		2E0C287F1AA9BD090041E5E6 /* AppDelegate.m in Sources */ = {isa = PBXBuildFile; fileRef = 2E0C287E1AA9BD090041E5E6 /* AppDelegate.m */; };
		2E0C28821AA9BD090041E5E6 /* ViewController.m in Sources */ = {isa = PBXBuildFile; fileRef = 2E0C28811AA9BD090041E5E6 /* ViewController.m */; };
		2E0C28851AA9BD090041E5E6 /* Main.storyboard in Resources */ = {isa = PBXBuildFile; fileRef = 2E0C28831AA9BD090041E5E6 /* Main.storyboard */; };
		2E0C28871AA9BD090041E5E6 /* Images.xcassets in Resources */ = {isa = PBXBuildFile; fileRef = 2E0C28861AA9BD090041E5E6 /* Images.xcassets */; };
		2E0C288A1AA9BD090041E5E6 /* LaunchScreen.xib in Resources */ = {isa = PBXBuildFile; fileRef = 2E0C28881AA9BD090041E5E6 /* LaunchScreen.xib */; };
		2E0C28961AA9BD090041E5E6 /* apnsTests.m in Sources */ = {isa = PBXBuildFile; fileRef = 2E0C28951AA9BD090041E5E6 /* apnsTests.m */; };
/* End PBXBuildFile section */

/* Begin PBXContainerItemProxy section */
		2E0C28901AA9BD090041E5E6 /* PBXContainerItemProxy */ = {
			isa = PBXContainerItemProxy;
			containerPortal = 2E0C286E1AA9BD090041E5E6 /* Project object */;
			proxyType = 1;
			remoteGlobalIDString = 2E0C28751AA9BD090041E5E6;
			remoteInfo = apns;
		};
/* End PBXContainerItemProxy section */

/* Begin PBXFileReference section */
		2E0C28761AA9BD090041E5E6 /* apns.app */ = {isa = PBXFileReference; explicitFileType = wrapper.application; includeInIndex = 0; path = apns.app; sourceTree = BUILT_PRODUCTS_DIR; };
		2E0C287A1AA9BD090041E5E6 /* Info.plist */ = {isa = PBXFileReference; lastKnownFileType = text.plist.xml; path = Info.plist; sourceTree = "<group>"; };
		2E0C287B1AA9BD090041E5E6 /* main.m */ = {isa = PBXFileReference; lastKnownFileType = sourcecode.c.objc; path = main.m; sourceTree = "<group>"; };
		2E0C287D1AA9BD090041E5E6 /* AppDelegate.h */ = {isa = PBXFileReference; lastKnownFileType = sourcecode.c.h; path = AppDelegate.h; sourceTree = "<group>"; };
		2E0C287E1AA9BD090041E5E6 /* AppDelegate.m */ = {isa = PBXFileReference; lastKnownFileType = sourcecode.c.objc; path = AppDelegate.m; sourceTree = "<group>"; };
		2E0C28801AA9BD090041E5E6 /* ViewController.h */ = {isa = PBXFileReference; lastKnownFileType = sourcecode.c.h; path = ViewController.h; sourceTree = "<group>"; };
		2E0C28811AA9BD090041E5E6 /* ViewController.m */ = {isa = PBXFileReference; lastKnownFileType = sourcecode.c.objc; path = ViewController.m; sourceTree = "<group>"; };
		2E0C28841AA9BD090041E5E6 /* Base */ = {isa = PBXFileReference; lastKnownFileType = file.storyboard; name = Base; path = Base.lproj/Main.storyboard; sourceTree = "<group>"; };
		2E0C28861AA9BD090041E5E6 /* Images.xcassets */ = {isa = PBXFileReference; lastKnownFileType = folder.assetcatalog; path = Images.xcassets; sourceTree = "<group>"; };
		2E0C28891AA9BD090041E5E6 /* Base */ = {isa = PBXFileReference; lastKnownFileType = file.xib; name = Base; path = Base.lproj/LaunchScreen.xib; sourceTree = "<group>"; };
		2E0C288F1AA9BD090041E5E6 /* apnsTests.xctest */ = {isa = PBXFileReference; explicitFileType = wrapper.cfbundle; includeInIndex = 0; path = apnsTests.xctest; sourceTree = BUILT_PRODUCTS_DIR; };
		2E0C28941AA9BD090041E5E6 /* Info.plist */ = {isa = PBXFileReference; lastKnownFileType = text.plist.xml; path = Info.plist; sourceTree = "<group>"; };
		2E0C28951AA9BD090041E5E6 /* apnsTests.m */ = {isa = PBXFileReference; lastKnownFileType = sourcecode.c.objc; path = apnsTests.m; sourceTree = "<group>"; };
/* End PBXFileReference section */

/* Begin PBXFrameworksBuildPhase section */
		2E0C28731AA9BD090041E5E6 /* Frameworks */ = {
			isa = PBXFrameworksBuildPhase;
			buildActionMask = 2147483647;
			files = (
			);
			runOnlyForDeploymentPostprocessing = 0;
		};
		2E0C288C1AA9BD090041E5E6 /* Frameworks */ = {
			isa = PBXFrameworksBuildPhase;
			buildActionMask = 2147483647;
			files = (
			);
			runOnlyForDeploymentPostprocessing = 0;
		};
/* End PBXFrameworksBuildPhase section */

/* Begin PBXGroup section */
		2E0C286D1AA9BD090041E5E6 = {
			isa = PBXGroup;
			children = (
				2E0C28781AA9BD090041E5E6 /* apns */,
				2E0C28921AA9BD090041E5E6 /* apnsTests */,
				2E0C28771AA9BD090041E5E6 /* Products */,
			);
			sourceTree = "<group>";
		};
		2E0C28771AA9BD090041E5E6 /* Products */ = {
			isa = PBXGroup;
			children = (
				2E0C28761AA9BD090041E5E6 /* apns.app */,
				2E0C288F1AA9BD090041E5E6 /* apnsTests.xctest */,
			);
			name = Products;
			sourceTree = "<group>";
		};
		2E0C28781AA9BD090041E5E6 /* apns */ = {
			isa = PBXGroup;
			children = (
				2E0C287D1AA9BD090041E5E6 /* AppDelegate.h */,
				2E0C287E1AA9BD090041E5E6 /* AppDelegate.m */,
				2E0C28801AA9BD090041E5E6 /* ViewController.h */,
				2E0C28811AA9BD090041E5E6 /* ViewController.m */,
				2E0C28831AA9BD090041E5E6 /* Main.storyboard */,
				2E0C28861AA9BD090041E5E6 /* Images.xcassets */,
				2E0C28881AA9BD090041E5E6 /* LaunchScreen.xib */,
				2E0C28791AA9BD090041E5E6 /* Supporting Files */,
			);
			path = apns;
			sourceTree = "<group>";
		};
		2E0C28791AA9BD090041E5E6 /* Supporting Files */ = {
			isa = PBXGroup;
			children = (
				2E0C287A1AA9BD090041E5E6 /* Info.plist */,
				2E0C287B1AA9BD090041E5E6 /* main.m */,
			);
			name = "Supporting Files";
			sourceTree = "<group>";
		};
		2E0C28921AA9BD090041E5E6 /* apnsTests */ = {
			isa = PBXGroup;
			children = (
				2E0C28951AA9BD090041E5E6 /* apnsTests.m */,
				2E0C28931AA9BD090041E5E6 /* Supporting Files */,
			);
			path = apnsTests;
			sourceTree = "<group>";
		};
		2E0C28931AA9BD090041E5E6 /* Supporting Files */ = {
			isa = PBXGroup;
			children = (
				2E0C28941AA9BD090041E5E6 /* Info.plist */,
			);
			name = "Supporting Files";
			sourceTree = "<group>";
		};
/* End PBXGroup section */

/* Begin PBXNativeTarget section */
		2E0C28751AA9BD090041E5E6 /* apns */ = {
			isa = PBXNativeTarget;
			buildConfigurationList = 2E0C28991AA9BD090041E5E6 /* Build configuration list for PBXNativeTarget "apns" */;
			buildPhases = (
				2E0C28721AA9BD090041E5E6 /* Sources */,
				2E0C28731AA9BD090041E5E6 /* Frameworks */,
				2E0C28741AA9BD090041E5E6 /* Resources */,
			);
			buildRules = (
			);
			dependencies = (
			);
			name = apns;
			productName = apns;
			productReference = 2E0C28761AA9BD090041E5E6 /* apns.app */;
			productType = "com.apple.product-type.application";
		};
		2E0C288E1AA9BD090041E5E6 /* apnsTests */ = {
			isa = PBXNativeTarget;
			buildConfigurationList = 2E0C289C1AA9BD090041E5E6 /* Build configuration list for PBXNativeTarget "apnsTests" */;
			buildPhases = (
				2E0C288B1AA9BD090041E5E6 /* Sources */,
				2E0C288C1AA9BD090041E5E6 /* Frameworks */,
				2E0C288D1AA9BD090041E5E6 /* Resources */,
			);
			buildRules = (
			);
			dependencies = (
				2E0C28911AA9BD090041E5E6 /* PBXTargetDependency */,
			);
			name = apnsTests;
			productName = apnsTests;
			productReference = 2E0C288F1AA9BD090041E5E6 /* apnsTests.xctest */;
			productType = "com.apple.product-type.bundle.unit-test";
		};
/* End PBXNativeTarget section */

/* Begin PBXProject section */
		2E0C286E1AA9BD090041E5E6 /* Project object */ = {
			isa = PBXProject;
			attributes = {
				LastUpgradeCheck = 0610;
				ORGANIZATIONNAME = wany;
				TargetAttributes = {
					2E0C28751AA9BD090041E5E6 = {
						CreatedOnToolsVersion = 6.1.1;
					};
					2E0C288E1AA9BD090041E5E6 = {
						CreatedOnToolsVersion = 6.1.1;
						TestTargetID = 2E0C28751AA9BD090041E5E6;
					};
				};
			};
			buildConfigurationList = 2E0C28711AA9BD090041E5E6 /* Build configuration list for PBXProject "apns" */;
			compatibilityVersion = "Xcode 3.2";
			developmentRegion = English;
			hasScannedForEncodings = 0;
			knownRegions = (
				en,
				Base,
			);
			mainGroup = 2E0C286D1AA9BD090041E5E6;
			productRefGroup = 2E0C28771AA9BD090041E5E6 /* Products */;
			projectDirPath = "";
			projectRoot = "";
			targets = (
				2E0C28751AA9BD090041E5E6 /* apns */,
				2E0C288E1AA9BD090041E5E6 /* apnsTests */,
			);
		};
/* End PBXProject section */

/* Begin PBXResourcesBuildPhase section */
		2E0C28741AA9BD090041E5E6 /* Resources */ = {
			isa = PBXResourcesBuildPhase;
			buildActionMask = 2147483647;
			files = (
				2E0C28851AA9BD090041E5E6 /* Main.storyboard in Resources */,
				2E0C288A1AA9BD090041E5E6 /* LaunchScreen.xib in Resources */,
				2E0C28871AA9BD090041E5E6 /* Images.xcassets in Resources */,
			);
			runOnlyForDeploymentPostprocessing = 0;
		};
		2E0C288D1AA9BD090041E5E6 /* Resources */ = {
			isa = PBXResourcesBuildPhase;
			buildActionMask = 2147483647;
			files = (
			);
			runOnlyForDeploymentPostprocessing = 0;
		};
/* End PBXResourcesBuildPhase section */

/* Begin PBXSourcesBuildPhase section */
		2E0C28721AA9BD090041E5E6 /* Sources */ = {
			isa = PBXSourcesBuildPhase;
			buildActionMask = 2147483647;
			files = (
				2E0C28821AA9BD090041E5E6 /* ViewController.m in Sources */,
				2E0C287F1AA9BD090041E5E6 /* AppDelegate.m in Sources */,
				2E0C287C1AA9BD090041E5E6 /* main.m in Sources */,
			);
			runOnlyForDeploymentPostprocessing = 0;
		};
		2E0C288B1AA9BD090041E5E6 /* Sources */ = {
			isa = PBXSourcesBuildPhase;
			buildActionMask = 2147483647;
			files = (
				2E0C28961AA9BD090041E5E6 /* apnsTests.m in Sources */,
			);
			runOnlyForDeploymentPostprocessing = 0;
		};
/* End PBXSourcesBuildPhase section */

/* Begin PBXTargetDependency section */
		2E0C28911AA9BD090041E5E6 /* PBXTargetDependency */ = {
			isa = PBXTargetDependency;
			target = 2E0C28751AA9BD090041E5E6 /* apns */;
			targetProxy = 2E0C28901AA9BD090041E5E6 /* PBXContainerItemProxy */;
		};
/* End PBXTargetDependency section */

/* Begin PBXVariantGroup section */
		2E0C28831AA9BD090041E5E6 /* Main.storyboard */ = {
			isa = PBXVariantGroup;
			children = (
				2E0C28841AA9BD090041E5E6 /* Base */,
			);
			name = Main.storyboard;
			sourceTree = "<group>";
		};
		2E0C28881AA9BD090041E5E6 /* LaunchScreen.xib */ = {
			isa = PBXVariantGroup;
			children = (
				2E0C28891AA9BD090041E5E6 /* Base */,
			);
			name = LaunchScreen.xib;
			sourceTree = "<group>";
		};
/* End PBXVariantGroup section */

/* Begin XCBuildConfiguration section */
		2E0C28971AA9BD090041E5E6 /* Debug */ = {
			isa = XCBuildConfiguration;
			buildSettings = {
				ALWAYS_SEARCH_USER_PATHS = NO;
				CLANG_CXX_LANGUAGE_STANDARD = "gnu++0x";
				CLANG_CXX_LIBRARY = "libc++";
				CLANG_ENABLE_MODULES = YES;
				CLANG_ENABLE_OBJC_ARC = YES;
				CLANG_WARN_BOOL_CONVERSION = YES;
				CLANG_WARN_CONSTANT_CONVERSION = YES;
				CLANG_WARN_DIRECT_OBJC_ISA_USAGE = YES_ERROR;
				CLANG_WARN_EMPTY_BODY = YES;
				CLANG_WARN_ENUM_CONVERSION = YES;
				CLANG_WARN_INT_CONVERSION = YES;
				CLANG_WARN_OBJC_ROOT_CLASS = YES_ERROR;
				CLANG_WARN_UNREACHABLE_CODE = YES;
				CLANG_WARN__DUPLICATE_METHOD_MATCH = YES;
				"CODE_SIGN_IDENTITY[sdk=iphoneos*]" = "iPhone Developer";
				COPY_PHASE_STRIP = NO;
				ENABLE_STRICT_OBJC_MSGSEND = YES;
				GCC_C_LANGUAGE_STANDARD = gnu99;
				GCC_DYNAMIC_NO_PIC = NO;
				GCC_OPTIMIZATION_LEVEL = 0;
				GCC_PREPROCESSOR_DEFINITIONS = (
					"DEBUG=1",
					"$(inherited)",
				);
				GCC_SYMBOLS_PRIVATE_EXTERN = NO;
				GCC_WARN_64_TO_32_BIT_CONVERSION = YES;
				GCC_WARN_ABOUT_RETURN_TYPE = YES_ERROR;
				GCC_WARN_UNDECLARED_SELECTOR = YES;
				GCC_WARN_UNINITIALIZED_AUTOS = YES_AGGRESSIVE;
				GCC_WARN_UNUSED_FUNCTION = YES;
				GCC_WARN_UNUSED_VARIABLE = YES;
				IPHONEOS_DEPLOYMENT_TARGET = 8.1;
				MTL_ENABLE_DEBUG_INFO = YES;
				ONLY_ACTIVE_ARCH = YES;
				SDKROOT = iphoneos;
			};
			name = Debug;
		};
		2E0C28981AA9BD090041E5E6 /* Release */ = {
			isa = XCBuildConfiguration;
			buildSettings = {
				ALWAYS_SEARCH_USER_PATHS = NO;
				CLANG_CXX_LANGUAGE_STANDARD = "gnu++0x";
				CLANG_CXX_LIBRARY = "libc++";
				CLANG_ENABLE_MODULES = YES;
				CLANG_ENABLE_OBJC_ARC = YES;
				CLANG_WARN_BOOL_CONVERSION = YES;
				CLANG_WARN_CONSTANT_CONVERSION = YES;
				CLANG_WARN_DIRECT_OBJC_ISA_USAGE = YES_ERROR;
				CLANG_WARN_EMPTY_BODY = YES;
				CLANG_WARN_ENUM_CONVERSION = YES;
				CLANG_WARN_INT_CONVERSION = YES;
				CLANG_WARN_OBJC_ROOT_CLASS = YES_ERROR;
				CLANG_WARN_UNREACHABLE_CODE = YES;
				CLANG_WARN__DUPLICATE_METHOD_MATCH = YES;
				"CODE_SIGN_IDENTITY[sdk=iphoneos*]" = "iPhone Developer";
				COPY_PHASE_STRIP = YES;
				ENABLE_NS_ASSERTIONS = NO;
				ENABLE_STRICT_OBJC_MSGSEND = YES;
				GCC_C_LANGUAGE_STANDARD = gnu99;
				GCC_WARN_64_TO_32_BIT_CONVERSION = YES;
				GCC_WARN_ABOUT_RETURN_TYPE = YES_ERROR;
				GCC_WARN_UNDECLARED_SELECTOR = YES;
				GCC_WARN_UNINITIALIZED_AUTOS = YES_AGGRESSIVE;
				GCC_WARN_UNUSED_FUNCTION = YES;
				GCC_WARN_UNUSED_VARIABLE = YES;
				IPHONEOS_DEPLOYMENT_TARGET = 8.1;
				MTL_ENABLE_DEBUG_INFO = NO;
				SDKROOT = iphoneos;
				VALIDATE_PRODUCT = YES;
			};
			name = Release;
		};
		2E0C289A1AA9BD090041E5E6 /* Debug */ = {
			isa = XCBuildConfiguration;
			buildSettings = {
				ASSETCATALOG_COMPILER_APPICON_NAME = AppIcon;
				INFOPLIST_FILE = apns/Info.plist;
				IPHONEOS_DEPLOYMENT_TARGET = 7.1;
				LD_RUNPATH_SEARCH_PATHS = "$(inherited) @executable_path/Frameworks";
				PRODUCT_NAME = "$(TARGET_NAME)";
			};
			name = Debug;
		};
		2E0C289B1AA9BD090041E5E6 /* Release */ = {
			isa = XCBuildConfiguration;
			buildSettings = {
				ASSETCATALOG_COMPILER_APPICON_NAME = AppIcon;
				INFOPLIST_FILE = apns/Info.plist;
				IPHONEOS_DEPLOYMENT_TARGET = 7.1;
				LD_RUNPATH_SEARCH_PATHS = "$(inherited) @executable_path/Frameworks";
				PRODUCT_NAME = "$(TARGET_NAME)";
			};
			name = Release;
		};
		2E0C289D1AA9BD090041E5E6 /* Debug */ = {
			isa = XCBuildConfiguration;
			buildSettings = {
				BUNDLE_LOADER = "$(TEST_HOST)";
				FRAMEWORK_SEARCH_PATHS = (
					"$(SDKROOT)/Developer/Library/Frameworks",
					"$(inherited)",
				);
				GCC_PREPROCESSOR_DEFINITIONS = (
					"DEBUG=1",
					"$(inherited)",
				);
				INFOPLIST_FILE = apnsTests/Info.plist;
				LD_RUNPATH_SEARCH_PATHS = "$(inherited) @executable_path/Frameworks @loader_path/Frameworks";
				PRODUCT_NAME = "$(TARGET_NAME)";
				TEST_HOST = "$(BUILT_PRODUCTS_DIR)/apns.app/apns";
			};
			name = Debug;
		};
		2E0C289E1AA9BD090041E5E6 /* Release */ = {
			isa = XCBuildConfiguration;
			buildSettings = {
				BUNDLE_LOADER = "$(TEST_HOST)";
				FRAMEWORK_SEARCH_PATHS = (
					"$(SDKROOT)/Developer/Library/Frameworks",
					"$(inherited)",
				);
				INFOPLIST_FILE = apnsTests/Info.plist;
				LD_RUNPATH_SEARCH_PATHS = "$(inherited) @executable_path/Frameworks @loader_path/Frameworks";
				PRODUCT_NAME = "$(TARGET_NAME)";
				TEST_HOST = "$(BUILT_PRODUCTS_DIR)/apns.app/apns";
			};
			name = Release;
		};
/* End XCBuildConfiguration section */

/* Begin XCConfigurationList section */
		2E0C28711AA9BD090041E5E6 /* Build configuration list for PBXProject "apns" */ = {
			isa = XCConfigurationList;
			buildConfigurations = (
				2E0C28971AA9BD090041E5E6 /* Debug */,
				2E0C28981AA9BD090041E5E6 /* Release */,
			);
			defaultConfigurationIsVisible = 0;
			defaultConfigurationName = Release;
		};
		2E0C28991AA9BD090041E5E6 /* Build configuration list for PBXNativeTarget "apns" */ = {
			isa = XCConfigurationList;
			buildConfigurations = (
				2E0C289A1AA9BD090041E5E6 /* Debug */,
				2E0C289B1AA9BD090041E5E6 /* Release */,
			);
			defaultConfigurationIsVisible = 0;
		};
		2E0C289C1AA9BD090041E5E6 /* Build configuration list for PBXNativeTarget "apnsTests" */ = {
			isa = XCConfigurationList;
			buildConfigurations = (
				2E0C289D1AA9BD090041E5E6 /* Debug */,
				2E0C289E1AA9BD090041E5E6 /* Release */,
			);
			defaultConfigurationIsVisible = 0;
		};
/* End XCConfigurationList section */
	};
	rootObject = 2E0C286E1AA9BD090041E5E6 /* Project object */;
}
